
Microsoft Visual Studio Solution File, Format Version 12.00
# Visual Studio 15
VisualStudioVersion = 15.0.27428.2043
MinimumVisualStudioVersion = 10.0.40219.1
Project("{FAE04EC0-301F-11D3-BF4B-00C04F79EFBC}") = "TabbedPages.Android", "TabbedPages\TabbedPages.Android\TabbedPages.Android.csproj", "{D4633EC7-A3DD-40F6-A0E5-48552926136E}"
EndProject
Project("{FAE04EC0-301F-11D3-BF4B-00C04F79EFBC}") = "TabbedPages.iOS", "TabbedPages\TabbedPages.iOS\TabbedPages.iOS.csproj", "{DEC23434-709D-440D-9DC4-683A46B64705}"
EndProject
Project("{FAE04EC0-301F-11D3-BF4B-00C04F79EFBC}") = "TabbedPages", "TabbedPages\TabbedPages\TabbedPages.csproj", "{BACFD23C-7646-4ABF-A4C7-D1CB88B8272B}"
EndProject
Global
	GlobalSection(SolutionConfigurationPlatforms) = preSolution
		Ad-Hoc|Any CPU = Ad-Hoc|Any CPU
		Ad-Hoc|iPhone = Ad-Hoc|iPhone
		Ad-Hoc|iPhoneSimulator = Ad-Hoc|iPhoneSimulator
		AppStore|Any CPU = AppStore|Any CPU
		AppStore|iPhone = AppStore|iPhone
		AppStore|iPhoneSimulator = AppStore|iPhoneSimulator
		Debug|Any CPU = Debug|Any CPU
		Debug|iPhone = Debug|iPhone
		Debug|iPhoneSimulator = Debug|iPhoneSimulator
		Release|Any CPU = Release|Any CPU
		Release|iPhone = Release|iPhone
		Release|iPhoneSimulator = Release|iPhoneSimulator
	EndGlobalSection
	GlobalSection(ProjectConfigurationPlatforms) = postSolution
		{D4633EC7-A3DD-40F6-A0E5-48552926136E}.Ad-Hoc|Any CPU.ActiveCfg = Release|Any CPU
		{D4633EC7-A3DD-40F6-A0E5-48552926136E}.Ad-Hoc|Any CPU.Build.0 = Release|Any CPU
		{D4633EC7-A3DD-40F6-A0E5-48552926136E}.Ad-Hoc|Any CPU.Deploy.0 = Release|Any CPU
		{D4633EC7-A3DD-40F6-A0E5-48552926136E}.Ad-Hoc|iPhone.ActiveCfg = Release|Any CPU
		{D4633EC7-A3DD-40F6-A0E5-48552926136E}.Ad-Hoc|iPhone.Build.0 = Release|Any CPU
		{D4633EC7-A3DD-40F6-A0E5-48552926136E}.Ad-Hoc|iPhone.Deploy.0 = Release|Any CPU
		{D4633EC7-A3DD-40F6-A0E5-48552926136E}.Ad-Hoc|iPhoneSimulator.ActiveCfg = Release|Any CPU
		{D4633EC7-A3DD-40F6-A0E5-48552926136E}.Ad-Hoc|iPhoneSimulator.Build.0 = Release|Any CPU
		{D4633EC7-A3DD-40F6-A0E5-48552926136E}.Ad-Hoc|iPhoneSimulator.Deploy.0 = Release|Any CPU
		{D4633EC7-A3DD-40F6-A0E5-48552926136E}.AppStore|Any CPU.ActiveCfg = Release|Any CPU
		{D4633EC7-A3DD-40F6-A0E5-48552926136E}.AppStore|Any CPU.Build.0 = Release|Any CPU
		{D4633EC7-A3DD-40F6-A0E5-48552926136E}.AppStore|Any CPU.Deploy.0 = Release|Any CPU
		{D4633EC7-A3DD-40F6-A0E5-48552926136E}.AppStore|iPhone.ActiveCfg = Release|Any CPU
		{D4633EC7-A3DD-40F6-A0E5-48552926136E}.AppStore|iPhone.Build.0 = Release|Any CPU
		{D4633EC7-A3DD-40F6-A0E5-48552926136E}.AppStore|iPhone.Deploy.0 = Release|Any CPU
		{D4633EC7-A3DD-40F6-A0E5-48552926136E}.AppStore|iPhoneSimulator.ActiveCfg = Release|Any CPU
		{D4633EC7-A3DD-40F6-A0E5-48552926136E}.AppStore|iPhoneSimulator.Build.0 = Release|Any CPU
		{D4633EC7-A3DD-40F6-A0E5-48552926136E}.AppStore|iPhoneSimulator.Deploy.0 = Release|Any CPU
		{D4633EC7-A3DD-40F6-A0E5-48552926136E}.Debug|Any CPU.ActiveCfg = Debug|Any CPU
		{D4633EC7-A3DD-40F6-A0E5-48552926136E}.Debug|Any CPU.Build.0 = Debug|Any CPU
		{D4633EC7-A3DD-40F6-A0E5-48552926136E}.Debug|Any CPU.Deploy.0 = Debug|Any CPU
		{D4633EC7-A3DD-40F6-A0E5-48552926136E}.Debug|iPhone.ActiveCfg = Debug|Any CPU
		{D4633EC7-A3DD-40F6-A0E5-48552926136E}.Debug|iPhone.Build.0 = Debug|Any CPU
		{D4633EC7-A3DD-40F6-A0E5-48552926136E}.Debug|iPhone.Deploy.0 = Debug|Any CPU
		{D4633EC7-A3DD-40F6-A0E5-48552926136E}.Debug|iPhoneSimulator.ActiveCfg = Debug|Any CPU
		{D4633EC7-A3DD-40F6-A0E5-48552926136E}.Debug|iPhoneSimulator.Build.0 = Debug|Any CPU
		{D4633EC7-A3DD-40F6-A0E5-48552926136E}.Debug|iPhoneSimulator.Deploy.0 = Debug|Any CPU
		{D4633EC7-A3DD-40F6-A0E5-48552926136E}.Release|Any CPU.ActiveCfg = Release|Any CPU
		{D4633EC7-A3DD-40F6-A0E5-48552926136E}.Release|Any CPU.Build.0 = Release|Any CPU
		{D4633EC7-A3DD-40F6-A0E5-48552926136E}.Release|Any CPU.Deploy.0 = Release|Any CPU
		{D4633EC7-A3DD-40F6-A0E5-48552926136E}.Release|iPhone.ActiveCfg = Release|Any CPU
		{D4633EC7-A3DD-40F6-A0E5-48552926136E}.Release|iPhone.Build.0 = Release|Any CPU
		{D4633EC7-A3DD-40F6-A0E5-48552926136E}.Release|iPhone.Deploy.0 = Release|Any CPU
		{D4633EC7-A3DD-40F6-A0E5-48552926136E}.Release|iPhoneSimulator.ActiveCfg = Release|Any CPU
		{D4633EC7-A3DD-40F6-A0E5-48552926136E}.Release|iPhoneSimulator.Build.0 = Release|Any CPU
		{D4633EC7-A3DD-40F6-A0E5-48552926136E}.Release|iPhoneSimulator.Deploy.0 = Release|Any CPU
		{DEC23434-709D-440D-9DC4-683A46B64705}.Ad-Hoc|Any CPU.ActiveCfg = Ad-Hoc|iPhone
		{DEC23434-709D-440D-9DC4-683A46B64705}.Ad-Hoc|iPhone.ActiveCfg = Ad-Hoc|iPhone
		{DEC23434-709D-440D-9DC4-683A46B64705}.Ad-Hoc|iPhone.Build.0 = Ad-Hoc|iPhone
		{DEC23434-709D-440D-9DC4-683A46B64705}.Ad-Hoc|iPhoneSimulator.ActiveCfg = Ad-Hoc|iPhoneSimulator
		{DEC23434-709D-440D-9DC4-683A46B64705}.Ad-Hoc|iPhoneSimulator.Build.0 = Ad-Hoc|iPhoneSimulator
		{DEC23434-709D-440D-9DC4-683A46B64705}.AppStore|Any CPU.ActiveCfg = AppStore|iPhone
		{DEC23434-709D-440D-9DC4-683A46B64705}.AppStore|iPhone.ActiveCfg = AppStore|iPhone
		{DEC23434-709D-440D-9DC4-683A46B64705}.AppStore|iPhone.Build.0 = AppStore|iPhone
		{DEC23434-709D-440D-9DC4-683A46B64705}.AppStore|iPhoneSimulator.ActiveCfg = AppStore|iPhoneSimulator
		{DEC23434-709D-440D-9DC4-683A46B64705}.AppStore|iPhoneSimulator.Build.0 = AppStore|iPhoneSimulator
		{DEC23434-709D-440D-9DC4-683A46B64705}.Debug|Any CPU.ActiveCfg = Debug|iPhone
		{DEC23434-709D-440D-9DC4-683A46B64705}.Debug|iPhone.ActiveCfg = Debug|iPhone
		{DEC23434-709D-440D-9DC4-683A46B64705}.Debug|iPhone.Build.0 = Debug|iPhone
		{DEC23434-709D-440D-9DC4-683A46B64705}.Debug|iPhoneSimulator.ActiveCfg = Debug|iPhoneSimulator
		{DEC23434-709D-440D-9DC4-683A46B64705}.Debug|iPhoneSimulator.Build.0 = Debug|iPhoneSimulator
		{DEC23434-709D-440D-9DC4-683A46B64705}.Release|Any CPU.ActiveCfg = Release|iPhone
		{DEC23434-709D-440D-9DC4-683A46B64705}.Release|iPhone.ActiveCfg = Release|iPhone
		{DEC23434-709D-440D-9DC4-683A46B64705}.Release|iPhone.Build.0 = Release|iPhone
		{DEC23434-709D-440D-9DC4-683A46B64705}.Release|iPhoneSimulator.ActiveCfg = Release|iPhoneSimulator
		{DEC23434-709D-440D-9DC4-683A46B64705}.Release|iPhoneSimulator.Build.0 = Release|iPhoneSimulator
		{BACFD23C-7646-4ABF-A4C7-D1CB88B8272B}.Ad-Hoc|Any CPU.ActiveCfg = Debug|Any CPU
		{BACFD23C-7646-4ABF-A4C7-D1CB88B8272B}.Ad-Hoc|Any CPU.Build.0 = Debug|Any CPU
		{BACFD23C-7646-4ABF-A4C7-D1CB88B8272B}.Ad-Hoc|iPhone.ActiveCfg = Debug|Any CPU
		{BACFD23C-7646-4ABF-A4C7-D1CB88B8272B}.Ad-Hoc|iPhone.Build.0 = Debug|Any CPU
		{BACFD23C-7646-4ABF-A4C7-D1CB88B8272B}.Ad-Hoc|iPhoneSimulator.ActiveCfg = Debug|Any CPU
		{BACFD23C-7646-4ABF-A4C7-D1CB88B8272B}.Ad-Hoc|iPhoneSimulator.Build.0 = Debug|Any CPU
		{BACFD23C-7646-4ABF-A4C7-D1CB88B8272B}.AppStore|Any CPU.ActiveCfg = Debug|Any CPU
		{BACFD23C-7646-4ABF-A4C7-D1CB88B8272B}.AppStore|Any CPU.Build.0 = Debug|Any CPU
		{BACFD23C-7646-4ABF-A4C7-D1CB88B8272B}.AppStore|iPhone.ActiveCfg = Debug|Any CPU
		{BACFD23C-7646-4ABF-A4C7-D1CB88B8272B}.AppStore|iPhone.Build.0 = Debug|Any CPU
		{BACFD23C-7646-4ABF-A4C7-D1CB88B8272B}.AppStore|iPhoneSimulator.ActiveCfg = Debug|Any CPU
		{BACFD23C-7646-4ABF-A4C7-D1CB88B8272B}.AppStore|iPhoneSimulator.Build.0 = Debug|Any CPU
		{BACFD23C-7646-4ABF-A4C7-D1CB88B8272B}.Debug|Any CPU.ActiveCfg = Debug|Any CPU
		{BACFD23C-7646-4ABF-A4C7-D1CB88B8272B}.Debug|Any CPU.Build.0 = Debug|Any CPU
		{BACFD23C-7646-4ABF-A4C7-D1CB88B8272B}.Debug|iPhone.ActiveCfg = Debug|Any CPU
		{BACFD23C-7646-4ABF-A4C7-D1CB88B8272B}.Debug|iPhone.Build.0 = Debug|Any CPU
		{BACFD23C-7646-4ABF-A4C7-D1CB88B8272B}.Debug|iPhoneSimulator.ActiveCfg = Debug|Any CPU
		{BACFD23C-7646-4ABF-A4C7-D1CB88B8272B}.Debug|iPhoneSimulator.Build.0 = Debug|Any CPU
		{BACFD23C-7646-4ABF-A4C7-D1CB88B8272B}.Release|Any CPU.ActiveCfg = Release|Any CPU
		{BACFD23C-7646-4ABF-A4C7-D1CB88B8272B}.Release|Any CPU.Build.0 = Release|Any CPU
		{BACFD23C-7646-4ABF-A4C7-D1CB88B8272B}.Release|iPhone.ActiveCfg = Release|Any CPU
		{BACFD23C-7646-4ABF-A4C7-D1CB88B8272B}.Release|iPhone.Build.0 = Release|Any CPU
		{BACFD23C-7646-4ABF-A4C7-D1CB88B8272B}.Release|iPhoneSimulator.ActiveCfg = Release|Any CPU
		{BACFD23C-7646-4ABF-A4C7-D1CB88B8272B}.Release|iPhoneSimulator.Build.0 = Release|Any CPU
	EndGlobalSection
	GlobalSection(SolutionProperties) = preSolution
		HideSolutionNode = FALSE
	EndGlobalSection
	GlobalSection(ExtensibilityGlobals) = postSolution
		SolutionGuid = {F519ABF0-F073-4641-BC17-F370AB7428E1}
	EndGlobalSection
EndGlobal
